// !$*UTF8*$!
{
	archiveVersion = 1;
	classes = {
	};
	objectVersion = 56;
	objects = {

/* Begin PBXBuildFile section */
		1C77D2162A66737400556835 /* githud_demo_uploadApp.swift in Sources */ = {isa = PBXBuildFile; fileRef = 1C77D2152A66737400556835 /* githud_demo_uploadApp.swift */; };
		1C77D2182A66737400556835 /* ContentView.swift in Sources */ = {isa = PBXBuildFile; fileRef = 1C77D2172A66737400556835 /* ContentView.swift */; };
		1C77D21A2A66737500556835 /* Assets.xcassets in Resources */ = {isa = PBXBuildFile; fileRef = 1C77D2192A66737500556835 /* Assets.xcassets */; };
		1C77D21D2A66737500556835 /* Preview Assets.xcassets in Resources */ = {isa = PBXBuildFile; fileRef = 1C77D21C2A66737500556835 /* Preview Assets.xcassets */; };
		1C77D2272A66737500556835 /* githud_demo_uploadTests.swift in Sources */ = {isa = PBXBuildFile; fileRef = 1C77D2262A66737500556835 /* githud_demo_uploadTests.swift */; };
		1C77D2312A66737500556835 /* githud_demo_uploadUITests.swift in Sources */ = {isa = PBXBuildFile; fileRef = 1C77D2302A66737500556835 /* githud_demo_uploadUITests.swift */; };
		1C77D2332A66737500556835 /* githud_demo_uploadUITestsLaunchTests.swift in Sources */ = {isa = PBXBuildFile; fileRef = 1C77D2322A66737500556835 /* githud_demo_uploadUITestsLaunchTests.swift */; };
/* End PBXBuildFile section */

/* Begin PBXContainerItemProxy section */
		1C77D2232A66737500556835 /* PBXContainerItemProxy */ = {
			isa = PBXContainerItemProxy;
			containerPortal = 1C77D20A2A66737400556835 /* Project object */;
			proxyType = 1;
			remoteGlobalIDString = 1C77D2112A66737400556835;
			remoteInfo = "githud demo upload";
		};
		1C77D22D2A66737500556835 /* PBXContainerItemProxy */ = {
			isa = PBXContainerItemProxy;
			containerPortal = 1C77D20A2A66737400556835 /* Project object */;
			proxyType = 1;
			remoteGlobalIDString = 1C77D2112A66737400556835;
			remoteInfo = "githud demo upload";
		};
/* End PBXContainerItemProxy section */

/* Begin PBXFileReference section */
		1C77D2122A66737400556835 /* githud demo upload.app */ = {isa = PBXFileReference; explicitFileType = wrapper.application; includeInIndex = 0; path = "githud demo upload.app"; sourceTree = BUILT_PRODUCTS_DIR; };
		1C77D2152A66737400556835 /* githud_demo_uploadApp.swift */ = {isa = PBXFileReference; lastKnownFileType = sourcecode.swift; path = githud_demo_uploadApp.swift; sourceTree = "<group>"; };
		1C77D2172A66737400556835 /* ContentView.swift */ = {isa = PBXFileReference; lastKnownFileType = sourcecode.swift; path = ContentView.swift; sourceTree = "<group>"; };
		1C77D2192A66737500556835 /* Assets.xcassets */ = {isa = PBXFileReference; lastKnownFileType = folder.assetcatalog; path = Assets.xcassets; sourceTree = "<group>"; };
		1C77D21C2A66737500556835 /* Preview Assets.xcassets */ = {isa = PBXFileReference; lastKnownFileType = folder.assetcatalog; path = "Preview Assets.xcassets"; sourceTree = "<group>"; };
		1C77D2222A66737500556835 /* githud demo uploadTests.xctest */ = {isa = PBXFileReference; explicitFileType = wrapper.cfbundle; includeInIndex = 0; path = "githud demo uploadTests.xctest"; sourceTree = BUILT_PRODUCTS_DIR; };
		1C77D2262A66737500556835 /* githud_demo_uploadTests.swift */ = {isa = PBXFileReference; lastKnownFileType = sourcecode.swift; path = githud_demo_uploadTests.swift; sourceTree = "<group>"; };
		1C77D22C2A66737500556835 /* githud demo uploadUITests.xctest */ = {isa = PBXFileReference; explicitFileType = wrapper.cfbundle; includeInIndex = 0; path = "githud demo uploadUITests.xctest"; sourceTree = BUILT_PRODUCTS_DIR; };
		1C77D2302A66737500556835 /* githud_demo_uploadUITests.swift */ = {isa = PBXFileReference; lastKnownFileType = sourcecode.swift; path = githud_demo_uploadUITests.swift; sourceTree = "<group>"; };
		1C77D2322A66737500556835 /* githud_demo_uploadUITestsLaunchTests.swift */ = {isa = PBXFileReference; lastKnownFileType = sourcecode.swift; path = githud_demo_uploadUITestsLaunchTests.swift; sourceTree = "<group>"; };
/* End PBXFileReference section */

/* Begin PBXFrameworksBuildPhase section */
		1C77D20F2A66737400556835 /* Frameworks */ = {
			isa = PBXFrameworksBuildPhase;
			buildActionMask = 2147483647;
			files = (
			);
			runOnlyForDeploymentPostprocessing = 0;
		};
		1C77D21F2A66737500556835 /* Frameworks */ = {
			isa = PBXFrameworksBuildPhase;
			buildActionMask = 2147483647;
			files = (
			);
			runOnlyForDeploymentPostprocessing = 0;
		};
		1C77D2292A66737500556835 /* Frameworks */ = {
			isa = PBXFrameworksBuildPhase;
			buildActionMask = 2147483647;
			files = (
			);
			runOnlyForDeploymentPostprocessing = 0;
		};
/* End PBXFrameworksBuildPhase section */

/* Begin PBXGroup section */
		1C77D2092A66737400556835 = {
			isa = PBXGroup;
			children = (
				1C77D2142A66737400556835 /* githud demo upload */,
				1C77D2252A66737500556835 /* githud demo uploadTests */,
				1C77D22F2A66737500556835 /* githud demo uploadUITests */,
				1C77D2132A66737400556835 /* Products */,
			);
			sourceTree = "<group>";
		};
		1C77D2132A66737400556835 /* Products */ = {
			isa = PBXGroup;
			children = (
				1C77D2122A66737400556835 /* githud demo upload.app */,
				1C77D2222A66737500556835 /* githud demo uploadTests.xctest */,
				1C77D22C2A66737500556835 /* githud demo uploadUITests.xctest */,
			);
			name = Products;
			sourceTree = "<group>";
		};
		1C77D2142A66737400556835 /* githud demo upload */ = {
			isa = PBXGroup;
			children = (
				1C77D2152A66737400556835 /* githud_demo_uploadApp.swift */,
				1C77D2172A66737400556835 /* ContentView.swift */,
				1C77D2192A66737500556835 /* Assets.xcassets */,
				1C77D21B2A66737500556835 /* Preview Content */,
			);
			path = "githud demo upload";
			sourceTree = "<group>";
		};
		1C77D21B2A66737500556835 /* Preview Content */ = {
			isa = PBXGroup;
			children = (
				1C77D21C2A66737500556835 /* Preview Assets.xcassets */,
			);
			path = "Preview Content";
			sourceTree = "<group>";
		};
		1C77D2252A66737500556835 /* githud demo uploadTests */ = {
			isa = PBXGroup;
			children = (
				1C77D2262A66737500556835 /* githud_demo_uploadTests.swift */,
			);
			path = "githud demo uploadTests";
			sourceTree = "<group>";
		};
		1C77D22F2A66737500556835 /* githud demo uploadUITests */ = {
			isa = PBXGroup;
			children = (
				1C77D2302A66737500556835 /* githud_demo_uploadUITests.swift */,
				1C77D2322A66737500556835 /* githud_demo_uploadUITestsLaunchTests.swift */,
			);
			path = "githud demo uploadUITests";
			sourceTree = "<group>";
		};
/* End PBXGroup section */

/* Begin PBXNativeTarget section */
		1C77D2112A66737400556835 /* githud demo upload */ = {
			isa = PBXNativeTarget;
			buildConfigurationList = 1C77D2362A66737500556835 /* Build configuration list for PBXNativeTarget "githud demo upload" */;
			buildPhases = (
				1C77D20E2A66737400556835 /* Sources */,
				1C77D20F2A66737400556835 /* Frameworks */,
				1C77D2102A66737400556835 /* Resources */,
			);
			buildRules = (
			);
			dependencies = (
			);
			name = "githud demo upload";
			productName = "githud demo upload";
			productReference = 1C77D2122A66737400556835 /* githud demo upload.app */;
			productType = "com.apple.product-type.application";
		};
		1C77D2212A66737500556835 /* githud demo uploadTests */ = {
			isa = PBXNativeTarget;
			buildConfigurationList = 1C77D2392A66737500556835 /* Build configuration list for PBXNativeTarget "githud demo uploadTests" */;
			buildPhases = (
				1C77D21E2A66737500556835 /* Sources */,
				1C77D21F2A66737500556835 /* Frameworks */,
				1C77D2202A66737500556835 /* Resources */,
			);
			buildRules = (
			);
			dependencies = (
				1C77D2242A66737500556835 /* PBXTargetDependency */,
			);
			name = "githud demo uploadTests";
			productName = "githud demo uploadTests";
			productReference = 1C77D2222A66737500556835 /* githud demo uploadTests.xctest */;
			productType = "com.apple.product-type.bundle.unit-test";
		};
		1C77D22B2A66737500556835 /* githud demo uploadUITests */ = {
			isa = PBXNativeTarget;
			buildConfigurationList = 1C77D23C2A66737500556835 /* Build configuration list for PBXNativeTarget "githud demo uploadUITests" */;
			buildPhases = (
				1C77D2282A66737500556835 /* Sources */,
				1C77D2292A66737500556835 /* Frameworks */,
				1C77D22A2A66737500556835 /* Resources */,
			);
			buildRules = (
			);
			dependencies = (
				1C77D22E2A66737500556835 /* PBXTargetDependency */,
			);
			name = "githud demo uploadUITests";
			productName = "githud demo uploadUITests";
			productReference = 1C77D22C2A66737500556835 /* githud demo uploadUITests.xctest */;
			productType = "com.apple.product-type.bundle.ui-testing";
		};
/* End PBXNativeTarget section */

/* Begin PBXProject section */
		1C77D20A2A66737400556835 /* Project object */ = {
			isa = PBXProject;
			attributes = {
				BuildIndependentTargetsInParallel = 1;
				LastSwiftUpdateCheck = 1430;
				LastUpgradeCheck = 1430;
				TargetAttributes = {
					1C77D2112A66737400556835 = {
						CreatedOnToolsVersion = 14.3.1;
					};
					1C77D2212A66737500556835 = {
						CreatedOnToolsVersion = 14.3.1;
						TestTargetID = 1C77D2112A66737400556835;
					};
					1C77D22B2A66737500556835 = {
						CreatedOnToolsVersion = 14.3.1;
						TestTargetID = 1C77D2112A66737400556835;
					};
				};
			};
			buildConfigurationList = 1C77D20D2A66737400556835 /* Build configuration list for PBXProject "githud demo upload" */;
			compatibilityVersion = "Xcode 14.0";
			developmentRegion = en;
			hasScannedForEncodings = 0;
			knownRegions = (
				en,
				Base,
			);
			mainGroup = 1C77D2092A66737400556835;
			productRefGroup = 1C77D2132A66737400556835 /* Products */;
			projectDirPath = "";
			projectRoot = "";
			targets = (
				1C77D2112A66737400556835 /* githud demo upload */,
				1C77D2212A66737500556835 /* githud demo uploadTests */,
				1C77D22B2A66737500556835 /* githud demo uploadUITests */,
			);
		};
/* End PBXProject section */

/* Begin PBXResourcesBuildPhase section */
		1C77D2102A66737400556835 /* Resources */ = {
			isa = PBXResourcesBuildPhase;
			buildActionMask = 2147483647;
			files = (
				1C77D21D2A66737500556835 /* Preview Assets.xcassets in Resources */,
				1C77D21A2A66737500556835 /* Assets.xcassets in Resources */,
			);
			runOnlyForDeploymentPostprocessing = 0;
		};
		1C77D2202A66737500556835 /* Resources */ = {
			isa = PBXResourcesBuildPhase;
			buildActionMask = 2147483647;
			files = (
			);
			runOnlyForDeploymentPostprocessing = 0;
		};
		1C77D22A2A66737500556835 /* Resources */ = {
			isa = PBXResourcesBuildPhase;
			buildActionMask = 2147483647;
			files = (
			);
			runOnlyForDeploymentPostprocessing = 0;
		};
/* End PBXResourcesBuildPhase section */

/* Begin PBXSourcesBuildPhase section */
		1C77D20E2A66737400556835 /* Sources */ = {
			isa = PBXSourcesBuildPhase;
			buildActionMask = 2147483647;
			files = (
				1C77D2182A66737400556835 /* ContentView.swift in Sources */,
				1C77D2162A66737400556835 /* githud_demo_uploadApp.swift in Sources */,
			);
			runOnlyForDeploymentPostprocessing = 0;
		};
		1C77D21E2A66737500556835 /* Sources */ = {
			isa = PBXSourcesBuildPhase;
			buildActionMask = 2147483647;
			files = (
				1C77D2272A66737500556835 /* githud_demo_uploadTests.swift in Sources */,
			);
			runOnlyForDeploymentPostprocessing = 0;
		};
		1C77D2282A66737500556835 /* Sources */ = {
			isa = PBXSourcesBuildPhase;
			buildActionMask = 2147483647;
			files = (
				1C77D2312A66737500556835 /* githud_demo_uploadUITests.swift in Sources */,
				1C77D2332A66737500556835 /* githud_demo_uploadUITestsLaunchTests.swift in Sources */,
			);
			runOnlyForDeploymentPostprocessing = 0;
		};
/* End PBXSourcesBuildPhase section */

/* Begin PBXTargetDependency section */
		1C77D2242A66737500556835 /* PBXTargetDependency */ = {
			isa = PBXTargetDependency;
			target = 1C77D2112A66737400556835 /* githud demo upload */;
			targetProxy = 1C77D2232A66737500556835 /* PBXContainerItemProxy */;
		};
		1C77D22E2A66737500556835 /* PBXTargetDependency */ = {
			isa = PBXTargetDependency;
			target = 1C77D2112A66737400556835 /* githud demo upload */;
			targetProxy = 1C77D22D2A66737500556835 /* PBXContainerItemProxy */;
		};
/* End PBXTargetDependency section */

/* Begin XCBuildConfiguration section */
		1C77D2342A66737500556835 /* Debug */ = {
			isa = XCBuildConfiguration;
			buildSettings = {
				ALWAYS_SEARCH_USER_PATHS = NO;
				CLANG_ANALYZER_NONNULL = YES;
				CLANG_ANALYZER_NUMBER_OBJECT_CONVERSION = YES_AGGRESSIVE;
				CLANG_CXX_LANGUAGE_STANDARD = "gnu++20";
				CLANG_ENABLE_MODULES = YES;
				CLANG_ENABLE_OBJC_ARC = YES;
				CLANG_ENABLE_OBJC_WEAK = YES;
				CLANG_WARN_BLOCK_CAPTURE_AUTORELEASING = YES;
				CLANG_WARN_BOOL_CONVERSION = YES;
				CLANG_WARN_COMMA = YES;
				CLANG_WARN_CONSTANT_CONVERSION = YES;
				CLANG_WARN_DEPRECATED_OBJC_IMPLEMENTATIONS = YES;
				CLANG_WARN_DIRECT_OBJC_ISA_USAGE = YES_ERROR;
				CLANG_WARN_DOCUMENTATION_COMMENTS = YES;
				CLANG_WARN_EMPTY_BODY = YES;
				CLANG_WARN_ENUM_CONVERSION = YES;
				CLANG_WARN_INFINITE_RECURSION = YES;
				CLANG_WARN_INT_CONVERSION = YES;
				CLANG_WARN_NON_LITERAL_NULL_CONVERSION = YES;
				CLANG_WARN_OBJC_IMPLICIT_RETAIN_SELF = YES;
				CLANG_WARN_OBJC_LITERAL_CONVERSION = YES;
				CLANG_WARN_OBJC_ROOT_CLASS = YES_ERROR;
				CLANG_WARN_QUOTED_INCLUDE_IN_FRAMEWORK_HEADER = YES;
				CLANG_WARN_RANGE_LOOP_ANALYSIS = YES;
				CLANG_WARN_STRICT_PROTOTYPES = YES;
				CLANG_WARN_SUSPICIOUS_MOVE = YES;
				CLANG_WARN_UNGUARDED_AVAILABILITY = YES_AGGRESSIVE;
				CLANG_WARN_UNREACHABLE_CODE = YES;
				CLANG_WARN__DUPLICATE_METHOD_MATCH = YES;
				COPY_PHASE_STRIP = NO;
				DEBUG_INFORMATION_FORMAT = dwarf;
				ENABLE_STRICT_OBJC_MSGSEND = YES;
				ENABLE_TESTABILITY = YES;
				GCC_C_LANGUAGE_STANDARD = gnu11;
				GCC_DYNAMIC_NO_PIC = NO;
				GCC_NO_COMMON_BLOCKS = YES;
				GCC_OPTIMIZATION_LEVEL = 0;
				GCC_PREPROCESSOR_DEFINITIONS = (
					"DEBUG=1",
					"$(inherited)",
				);
				GCC_WARN_64_TO_32_BIT_CONVERSION = YES;
				GCC_WARN_ABOUT_RETURN_TYPE = YES_ERROR;
				GCC_WARN_UNDECLARED_SELECTOR = YES;
				GCC_WARN_UNINITIALIZED_AUTOS = YES_AGGRESSIVE;
				GCC_WARN_UNUSED_FUNCTION = YES;
				GCC_WARN_UNUSED_VARIABLE = YES;
				IPHONEOS_DEPLOYMENT_TARGET = 16.4;
				MTL_ENABLE_DEBUG_INFO = INCLUDE_SOURCE;
				MTL_FAST_MATH = YES;
				ONLY_ACTIVE_ARCH = YES;
				SDKROOT = iphoneos;
				SWIFT_ACTIVE_COMPILATION_CONDITIONS = DEBUG;
				SWIFT_OPTIMIZATION_LEVEL = "-Onone";
			};
			name = Debug;
		};
		1C77D2352A66737500556835 /* Release */ = {
			isa = XCBuildConfiguration;
			buildSettings = {
				ALWAYS_SEARCH_USER_PATHS = NO;
				CLANG_ANALYZER_NONNULL = YES;
				CLANG_ANALYZER_NUMBER_OBJECT_CONVERSION = YES_AGGRESSIVE;
				CLANG_CXX_LANGUAGE_STANDARD = "gnu++20";
				CLANG_ENABLE_MODULES = YES;
				CLANG_ENABLE_OBJC_ARC = YES;
				CLANG_ENABLE_OBJC_WEAK = YES;
				CLANG_WARN_BLOCK_CAPTURE_AUTORELEASING = YES;
				CLANG_WARN_BOOL_CONVERSION = YES;
				CLANG_WARN_COMMA = YES;
				CLANG_WARN_CONSTANT_CONVERSION = YES;
				CLANG_WARN_DEPRECATED_OBJC_IMPLEMENTATIONS = YES;
				CLANG_WARN_DIRECT_OBJC_ISA_USAGE = YES_ERROR;
				CLANG_WARN_DOCUMENTATION_COMMENTS = YES;
				CLANG_WARN_EMPTY_BODY = YES;
				CLANG_WARN_ENUM_CONVERSION = YES;
				CLANG_WARN_INFINITE_RECURSION = YES;
				CLANG_WARN_INT_CONVERSION = YES;
				CLANG_WARN_NON_LITERAL_NULL_CONVERSION = YES;
				CLANG_WARN_OBJC_IMPLICIT_RETAIN_SELF = YES;
				CLANG_WARN_OBJC_LITERAL_CONVERSION = YES;
				CLANG_WARN_OBJC_ROOT_CLASS = YES_ERROR;
				CLANG_WARN_QUOTED_INCLUDE_IN_FRAMEWORK_HEADER = YES;
				CLANG_WARN_RANGE_LOOP_ANALYSIS = YES;
				CLANG_WARN_STRICT_PROTOTYPES = YES;
				CLANG_WARN_SUSPICIOUS_MOVE = YES;
				CLANG_WARN_UNGUARDED_AVAILABILITY = YES_AGGRESSIVE;
				CLANG_WARN_UNREACHABLE_CODE = YES;
				CLANG_WARN__DUPLICATE_METHOD_MATCH = YES;
				COPY_PHASE_STRIP = NO;
				DEBUG_INFORMATION_FORMAT = "dwarf-with-dsym";
				ENABLE_NS_ASSERTIONS = NO;
				ENABLE_STRICT_OBJC_MSGSEND = YES;
				GCC_C_LANGUAGE_STANDARD = gnu11;
				GCC_NO_COMMON_BLOCKS = YES;
				GCC_WARN_64_TO_32_BIT_CONVERSION = YES;
				GCC_WARN_ABOUT_RETURN_TYPE = YES_ERROR;
				GCC_WARN_UNDECLARED_SELECTOR = YES;
				GCC_WARN_UNINITIALIZED_AUTOS = YES_AGGRESSIVE;
				GCC_WARN_UNUSED_FUNCTION = YES;
				GCC_WARN_UNUSED_VARIABLE = YES;
				IPHONEOS_DEPLOYMENT_TARGET = 16.4;
				MTL_ENABLE_DEBUG_INFO = NO;
				MTL_FAST_MATH = YES;
				SDKROOT = iphoneos;
				SWIFT_COMPILATION_MODE = wholemodule;
				SWIFT_OPTIMIZATION_LEVEL = "-O";
				VALIDATE_PRODUCT = YES;
			};
			name = Release;
		};
		1C77D2372A66737500556835 /* Debug */ = {
			isa = XCBuildConfiguration;
			buildSettings = {
				ASSETCATALOG_COMPILER_APPICON_NAME = AppIcon;
				ASSETCATALOG_COMPILER_GLOBAL_ACCENT_COLOR_NAME = AccentColor;
				CODE_SIGN_STYLE = Automatic;
				CURRENT_PROJECT_VERSION = 1;
				DEVELOPMENT_ASSET_PATHS = "\"githud demo upload/Preview Content\"";
				ENABLE_PREVIEWS = YES;
				GENERATE_INFOPLIST_FILE = YES;
				INFOPLIST_KEY_UIApplicationSceneManifest_Generation = YES;
				INFOPLIST_KEY_UIApplicationSupportsIndirectInputEvents = YES;
				INFOPLIST_KEY_UILaunchScreen_Generation = YES;
				INFOPLIST_KEY_UISupportedInterfaceOrientations_iPad = "UIInterfaceOrientationPortrait UIInterfaceOrientationPortraitUpsideDown UIInterfaceOrientationLandscapeLeft UIInterfaceOrientationLandscapeRight";
				INFOPLIST_KEY_UISupportedInterfaceOrientations_iPhone = "UIInterfaceOrientationPortrait UIInterfaceOrientationLandscapeLeft UIInterfaceOrientationLandscapeRight";
				LD_RUNPATH_SEARCH_PATHS = (
					"$(inherited)",
					"@executable_path/Frameworks",
				);
				MARKETING_VERSION = 1.0;
				PRODUCT_BUNDLE_IDENTIFIER = "Samia-Kouki.githud-demo-upload";
				PRODUCT_NAME = "$(TARGET_NAME)";
				SWIFT_EMIT_LOC_STRINGS = YES;
				SWIFT_VERSION = 5.0;
				TARGETED_DEVICE_FAMILY = "1,2";
			};
			name = Debug;
		};
		1C77D2382A66737500556835 /* Release */ = {
			isa = XCBuildConfiguration;
			buildSettings = {
				ASSETCATALOG_COMPILER_APPICON_NAME = AppIcon;
				ASSETCATALOG_COMPILER_GLOBAL_ACCENT_COLOR_NAME = AccentColor;
				CODE_SIGN_STYLE = Automatic;
				CURRENT_PROJECT_VERSION = 1;
				DEVELOPMENT_ASSET_PATHS = "\"githud demo upload/Preview Content\"";
				ENABLE_PREVIEWS = YES;
				GENERATE_INFOPLIST_FILE = YES;
				INFOPLIST_KEY_UIApplicationSceneManifest_Generation = YES;
				INFOPLIST_KEY_UIApplicationSupportsIndirectInputEvents = YES;
				INFOPLIST_KEY_UILaunchScreen_Generation = YES;
				INFOPLIST_KEY_UISupportedInterfaceOrientations_iPad = "UIInterfaceOrientationPortrait UIInterfaceOrientationPortraitUpsideDown UIInterfaceOrientationLandscapeLeft UIInterfaceOrientationLandscapeRight";
				INFOPLIST_KEY_UISupportedInterfaceOrientations_iPhone = "UIInterfaceOrientationPortrait UIInterfaceOrientationLandscapeLeft UIInterfaceOrientationLandscapeRight";
				LD_RUNPATH_SEARCH_PATHS = (
					"$(inherited)",
					"@executable_path/Frameworks",
				);
				MARKETING_VERSION = 1.0;
				PRODUCT_BUNDLE_IDENTIFIER = "Samia-Kouki.githud-demo-upload";
				PRODUCT_NAME = "$(TARGET_NAME)";
				SWIFT_EMIT_LOC_STRINGS = YES;
				SWIFT_VERSION = 5.0;
				TARGETED_DEVICE_FAMILY = "1,2";
			};
			name = Release;
		};
		1C77D23A2A66737500556835 /* Debug */ = {
			isa = XCBuildConfiguration;
			buildSettings = {
				ALWAYS_EMBED_SWIFT_STANDARD_LIBRARIES = YES;
				BUNDLE_LOADER = "$(TEST_HOST)";
				CODE_SIGN_STYLE = Automatic;
				CURRENT_PROJECT_VERSION = 1;
				GENERATE_INFOPLIST_FILE = YES;
				IPHONEOS_DEPLOYMENT_TARGET = 16.4;
				MARKETING_VERSION = 1.0;
				PRODUCT_BUNDLE_IDENTIFIER = "Samia-Kouki.githud-demo-uploadTests";
				PRODUCT_NAME = "$(TARGET_NAME)";
				SWIFT_EMIT_LOC_STRINGS = NO;
				SWIFT_VERSION = 5.0;
				TARGETED_DEVICE_FAMILY = "1,2";
				TEST_HOST = "$(BUILT_PRODUCTS_DIR)/githud demo upload.app/$(BUNDLE_EXECUTABLE_FOLDER_PATH)/githud demo upload";
			};
			name = Debug;
		};
		1C77D23B2A66737500556835 /* Release */ = {
			isa = XCBuildConfiguration;
			buildSettings = {
				ALWAYS_EMBED_SWIFT_STANDARD_LIBRARIES = YES;
				BUNDLE_LOADER = "$(TEST_HOST)";
				CODE_SIGN_STYLE = Automatic;
				CURRENT_PROJECT_VERSION = 1;
				GENERATE_INFOPLIST_FILE = YES;
				IPHONEOS_DEPLOYMENT_TARGET = 16.4;
				MARKETING_VERSION = 1.0;
				PRODUCT_BUNDLE_IDENTIFIER = "Samia-Kouki.githud-demo-uploadTests";
				PRODUCT_NAME = "$(TARGET_NAME)";
				SWIFT_EMIT_LOC_STRINGS = NO;
				SWIFT_VERSION = 5.0;
				TARGETED_DEVICE_FAMILY = "1,2";
				TEST_HOST = "$(BUILT_PRODUCTS_DIR)/githud demo upload.app/$(BUNDLE_EXECUTABLE_FOLDER_PATH)/githud demo upload";
			};
			name = Release;
		};
		1C77D23D2A66737500556835 /* Debug */ = {
			isa = XCBuildConfiguration;
			buildSettings = {
				ALWAYS_EMBED_SWIFT_STANDARD_LIBRARIES = YES;
				CODE_SIGN_STYLE = Automatic;
				CURRENT_PROJECT_VERSION = 1;
				GENERATE_INFOPLIST_FILE = YES;
				MARKETING_VERSION = 1.0;
				PRODUCT_BUNDLE_IDENTIFIER = "Samia-Kouki.githud-demo-uploadUITests";
				PRODUCT_NAME = "$(TARGET_NAME)";
				SWIFT_EMIT_LOC_STRINGS = NO;
				SWIFT_VERSION = 5.0;
				TARGETED_DEVICE_FAMILY = "1,2";
				TEST_TARGET_NAME = "githud demo upload";
			};
			name = Debug;
		};
		1C77D23E2A66737500556835 /* Release */ = {
			isa = XCBuildConfiguration;
			buildSettings = {
				ALWAYS_EMBED_SWIFT_STANDARD_LIBRARIES = YES;
				CODE_SIGN_STYLE = Automatic;
				CURRENT_PROJECT_VERSION = 1;
				GENERATE_INFOPLIST_FILE = YES;
				MARKETING_VERSION = 1.0;
				PRODUCT_BUNDLE_IDENTIFIER = "Samia-Kouki.githud-demo-uploadUITests";
				PRODUCT_NAME = "$(TARGET_NAME)";
				SWIFT_EMIT_LOC_STRINGS = NO;
				SWIFT_VERSION = 5.0;
				TARGETED_DEVICE_FAMILY = "1,2";
				TEST_TARGET_NAME = "githud demo upload";
			};
			name = Release;
		};
/* End XCBuildConfiguration section */

/* Begin XCConfigurationList section */
		1C77D20D2A66737400556835 /* Build configuration list for PBXProject "githud demo upload" */ = {
			isa = XCConfigurationList;
			buildConfigurations = (
				1C77D2342A66737500556835 /* Debug */,
				1C77D2352A66737500556835 /* Release */,
			);
			defaultConfigurationIsVisible = 0;
			defaultConfigurationName = Release;
		};
		1C77D2362A66737500556835 /* Build configuration list for PBXNativeTarget "githud demo upload" */ = {
			isa = XCConfigurationList;
			buildConfigurations = (
				1C77D2372A66737500556835 /* Debug */,
				1C77D2382A66737500556835 /* Release */,
			);
			defaultConfigurationIsVisible = 0;
			defaultConfigurationName = Release;
		};
		1C77D2392A66737500556835 /* Build configuration list for PBXNativeTarget "githud demo uploadTests" */ = {
			isa = XCConfigurationList;
			buildConfigurations = (
				1C77D23A2A66737500556835 /* Debug */,
				1C77D23B2A66737500556835 /* Release */,
			);
			defaultConfigurationIsVisible = 0;
			defaultConfigurationName = Release;
		};
		1C77D23C2A66737500556835 /* Build configuration list for PBXNativeTarget "githud demo uploadUITests" */ = {
			isa = XCConfigurationList;
			buildConfigurations = (
				1C77D23D2A66737500556835 /* Debug */,
				1C77D23E2A66737500556835 /* Release */,
			);
			defaultConfigurationIsVisible = 0;
			defaultConfigurationName = Release;
		};
/* End XCConfigurationList section */
	};
	rootObject = 1C77D20A2A66737400556835 /* Project object */;
}
